
Microsoft Visual Studio Solution File, Format Version 12.00
# Visual Studio Version 17
VisualStudioVersion = 17.7.34221.43
MinimumVisualStudioVersion = 10.0.40219.1
Project("{FAE04EC0-301F-11D3-BF4B-00C04F79EFBC}") = "chess", "chess.csproj", "{0F8F0564-C0B0-4114-BB09-C24FE165C878}"
EndProject
Global
	GlobalSection(SolutionConfigurationPlatforms) = preSolution
		Debug|Any CPU = Debug|Any CPU
		Release|Any CPU = Release|Any CPU
	EndGlobalSection
	GlobalSection(ProjectConfigurationPlatforms) = postSolution
		{0F8F0564-C0B0-4114-BB09-C24FE165C878}.Debug|Any CPU.ActiveCfg = Debug|Any CPU
		{0F8F0564-C0B0-4114-BB09-C24FE165C878}.Debug|Any CPU.Build.0 = Debug|Any CPU
		{0F8F0564-C0B0-4114-BB09-C24FE165C878}.Release|Any CPU.ActiveCfg = Release|Any CPU
		{0F8F0564-C0B0-4114-BB09-C24FE165C878}.Release|Any CPU.Build.0 = Release|Any CPU
	EndGlobalSection
	GlobalSection(SolutionProperties) = preSolution
		HideSolutionNode = FALSE
	EndGlobalSection
	GlobalSection(ExtensibilityGlobals) = postSolution
		SolutionGuid = {E41E31B6-5B39-4299-9E03-2F7AF38E0BFE}
	EndGlobalSection
EndGlobal
